<?xml version="1.0" encoding="utf-8"?>
<Project ToolsVersion="4.0" xmlns="http://schemas.microsoft.com/developer/msbuild/2003">
  <ItemGroup>
    <Filter Include="Source Files">
      <UniqueIdentifier>{4FC737F1-C7A5-4376-A066-2A32D752A2FF}</UniqueIdentifier>
      <Extensions>cpp;c;cc;cxx;def;odl;idl;hpj;bat;asm;asmx</Extensions>
    </Filter>
    <Filter Include="Header Files">
      <UniqueIdentifier>{93995380-89BD-4b04-88EB-625FBE52EBFB}</UniqueIdentifier>
      <Extensions>h;hh;hpp;hxx;hm;inl;inc;xsd</Extensions>
    </Filter>
    <Filter Include="Resource Files">
      <UniqueIdentifier>{67DA6AB6-F800-4c08-8B7A-83BB121AAD01}</UniqueIdentifier>
      <Extensions>rc;ico;cur;bmp;dlg;rc2;rct;bin;rgs;gif;jpg;jpeg;jpe;resx;tiff;tif;png;wav</Extensions>
    </Filter>
  </ItemGroup>
  <ItemGroup>
    <ClCompile Include="main.cxx">
      <Filter>Source Files</Filter>
    </ClCompile>
    <ClCompile Include="lib\codeFactory.cxx">
      <Filter>Source Files</Filter>
    </ClCompile>
    <ClCompile Include="lib\HTF.cxx">
      <Filter>Source Files</Filter>
    </ClCompile>
    <ClCompile Include="lib\llogger.cxx">
      <Filter>Source Files</Filter>
    </ClCompile>
    <ClCompile Include="lib\parRead.cxx">
      <Filter>Source Files</Filter>
    </ClCompile>
    <ClCompile Include="lib\parWdCnt.cxx">
      <Filter>Source Files</Filter>
    </ClCompile>
    <ClCompile Include="lib\CODEC.cxx">
      <Filter>Source Files</Filter>
    </ClCompile>
    <ClCompile Include="lib\HFD.cxx">
      <Filter>Source Files</Filter>
    </ClCompile>
  </ItemGroup>
  <ItemGroup>
    <ClInclude Include="version.h">
      <Filter>Header Files</Filter>
    </ClInclude>
    <ClInclude Include="lib\codeFactory.h">
      <Filter>Header Files</Filter>
    </ClInclude>
    <ClInclude Include="lib\HTF.h">
      <Filter>Header Files</Filter>
    </ClInclude>
    <ClInclude Include="lib\llogger.h">
      <Filter>Header Files</Filter>
    </ClInclude>
    <ClInclude Include="lib\parRead.h">
      <Filter>Header Files</Filter>
    </ClInclude>
    <ClInclude Include="lib\parWdCnt.h">
      <Filter>Header Files</Filter>
    </ClInclude>
    <ClInclude Include="lib\utils.h">
      <Filter>Header Files</Filter>
    </ClInclude>
    <ClInclude Include="lib\cmdline\cmdline.h">
      <Filter>Header Files</Filter>
    </ClInclude>
    <ClInclude Include="lib\CODEC.h">
      <Filter>Header Files</Filter>
    </ClInclude>
    <ClInclude Include="lib\HFD.h">
      <Filter>Header Files</Filter>
    </ClInclude>
  </ItemGroup>
</Project>